// !$*UTF8*$!
{
	archiveVersion = 1;
	classes = {};
	objectVersion = 56;
	objects = {

/* Begin PBXBuildFile section */
		000000000000000000000101 /* main.mm in Sources */ = {
			isa = PBXBuildFile;
			fileRef = 000000000000000000000201 /* main.mm */;
		};
		000000000000000000000102 /* Assets.xcassets in Resources */ = {
			isa = PBXBuildFile;
			fileRef = 000000000000000000000203 /* Assets.xcassets */;
		};
		000000000000000000000103 /* LaunchScreen.storyboard in Resources */ = {
			isa = PBXBuildFile;
			fileRef = 000000000000000000000204 /* LaunchScreen.storyboard */;
		};
		000000000000000000000104 /* HuxerUILibraries in Frameworks */ = {
			isa = PBXBuildFile;
			productRef = 000000000000000000000901 /* HuxerUILibraries */;
		};
/* End PBXBuildFile section */

/* Begin PBXFileReference section */
		000000000000000000000200 /* Live2D Preview.app */ = {
			isa = PBXFileReference;
			explicitFileType = wrapper.application;
			includeInIndex = 0;
			path = "Live2D Preview.app";
			sourceTree = BUILT_PRODUCTS_DIR;
		};
		000000000000000000000201 /* main.mm */ = {
			isa = PBXFileReference;
			lastKnownFileType = sourcecode.cpp.objcpp;
			path = main.mm;
			sourceTree = "<group>";
		};
		000000000000000000000202 /* Info.plist */ = {
			isa = PBXFileReference;
			lastKnownFileType = text.plist.xml;
			path = Info.plist;
			sourceTree = "<group>";
		};
		000000000000000000000203 /* Assets.xcassets */ = {
			isa = PBXFileReference;
			lastKnownFileType = folder.assetcatalog;
			path = Assets.xcassets;
			sourceTree = "<group>";
		};
		000000000000000000000204 /* LaunchScreen.storyboard */ = {
			isa = PBXFileReference;
			lastKnownFileType = file.storyboard;
			path = LaunchScreen.storyboard;
			sourceTree = "<group>";
		};
		000000000000000000000205 /* Base.xcconfig */ = {
			isa = PBXFileReference;
			lastKnownFileType = text.xcconfig;
			path = Base.xcconfig;
			sourceTree = "<group>";
		};
		000000000000000000000206 /* Debug.xcconfig */ = {
			isa = PBXFileReference;
			lastKnownFileType = text.xcconfig;
			path = Debug.xcconfig;
			sourceTree = "<group>";
		};
		000000000000000000000207 /* Release.xcconfig */ = {
			isa = PBXFileReference;
			lastKnownFileType = text.xcconfig;
			path = Release.xcconfig;
			sourceTree = "<group>";
		};
		000000000000000000000208 /* Local.xcconfig.example */ = {
			isa = PBXFileReference;
			lastKnownFileType = text.xcconfig;
			path = Local.xcconfig.example;
			sourceTree = "<group>";
		};
		000000000000000000000209 /* build_huxerui_core.sh */ = {
			isa = PBXFileReference;
			lastKnownFileType = text.script.sh;
			path = build_huxerui_core.sh;
			sourceTree = "<group>";
		};
		00000000000000000000020A /* stage_huxerui_resources.sh */ = {
			isa = PBXFileReference;
			lastKnownFileType = text.script.sh;
			path = stage_huxerui_resources.sh;
			sourceTree = "<group>";
		};
/* End PBXFileReference section */

/* Begin PBXFrameworksBuildPhase section */
		000000000000000000000302 /* Frameworks */ = {
			isa = PBXFrameworksBuildPhase;
			buildActionMask = 2147483647;
			files = (
				000000000000000000000104 /* HuxerUILibraries in Frameworks */,
			);
			runOnlyForDeploymentPostprocessing = 0;
		};
/* End PBXFrameworksBuildPhase section */

/* Begin PBXGroup section */
		000000000000000000000400 = {
			isa = PBXGroup;
			children = (
				000000000000000000000401 /* App */,
				000000000000000000000402 /* Config */,
				000000000000000000000404 /* Scripts */,
				000000000000000000000403 /* Products */,
			);
			sourceTree = "<group>";
		};
		000000000000000000000401 /* App */ = {
			isa = PBXGroup;
			children = (
				000000000000000000000201 /* main.mm */,
				000000000000000000000202 /* Info.plist */,
				000000000000000000000203 /* Assets.xcassets */,
				000000000000000000000204 /* LaunchScreen.storyboard */,
			);
			path = App;
			sourceTree = "<group>";
		};
		000000000000000000000402 /* Config */ = {
			isa = PBXGroup;
			children = (
				000000000000000000000205 /* Base.xcconfig */,
				000000000000000000000206 /* Debug.xcconfig */,
				000000000000000000000207 /* Release.xcconfig */,
				000000000000000000000208 /* Local.xcconfig.example */,
			);
			path = Config;
			sourceTree = "<group>";
		};
		000000000000000000000403 /* Products */ = {
			isa = PBXGroup;
			children = (
				000000000000000000000200 /* Live2D Preview.app */,
			);
			name = Products;
			sourceTree = "<group>";
		};
		000000000000000000000404 /* Scripts */ = {
			isa = PBXGroup;
			children = (
				000000000000000000000209 /* build_huxerui_core.sh */,
				00000000000000000000020A /* stage_huxerui_resources.sh */,
			);
			path = Scripts;
			sourceTree = "<group>";
		};
/* End PBXGroup section */

/* Begin PBXNativeTarget section */
		000000000000000000000500 /* example_live2d */ = {
			isa = PBXNativeTarget;
			buildConfigurationList = 000000000000000000000702;
			buildPhases = (
				000000000000000000000304 /* Build HuxerUI Core */,
				000000000000000000000301 /* Sources */,
				000000000000000000000302 /* Frameworks */,
				000000000000000000000303 /* Resources */,
				000000000000000000000305 /* Stage HuxerUI Resources */,
			);
			buildRules = ();
			dependencies = ();
			name = example_live2d;
			packageProductDependencies = (
				000000000000000000000901 /* HuxerUILibraries */,
			);
			productName = "Live2D Preview";
			productReference = 000000000000000000000200 /* Live2D Preview.app */;
			productType = "com.apple.product-type.application";
		};
/* End PBXNativeTarget section */

/* Begin PBXProject section */
		000000000000000000000600 /* Project object */ = {
			isa = PBXProject;
			attributes = {
				BuildIndependentTargetsInParallel = 1;
				LastUpgradeCheck = 1600;
				TargetAttributes = {
					000000000000000000000500 = {
						CreatedOnToolsVersion = 16.0;
					};
				};
			};
			buildConfigurationList = 000000000000000000000701;
			compatibilityVersion = "Xcode 14.0";
			developmentRegion = en;
			hasScannedForEncodings = 0;
			knownRegions = (
				en,
				Base,
			);
			mainGroup = 000000000000000000000400;
			packageReferences = (
				000000000000000000000900 /* XCLocalSwiftPackageReference "HuxerUILibraries" */,
			);
			productRefGroup = 000000000000000000000403 /* Products */;
			projectDirPath = "";
			projectRoot = "";
			targets = (
				000000000000000000000500 /* example_live2d */,
			);
		};
/* End PBXProject section */

/* Begin PBXResourcesBuildPhase section */
		000000000000000000000303 /* Resources */ = {
			isa = PBXResourcesBuildPhase;
			buildActionMask = 2147483647;
			files = (
				000000000000000000000102 /* Assets.xcassets in Resources */,
				000000000000000000000103 /* LaunchScreen.storyboard in Resources */,
			);
			runOnlyForDeploymentPostprocessing = 0;
		};
/* End PBXResourcesBuildPhase section */

/* Begin PBXShellScriptBuildPhase section */
		000000000000000000000304 /* Build HuxerUI Core */ = {
			isa = PBXShellScriptBuildPhase;
			alwaysOutOfDate = 1;
			buildActionMask = 2147483647;
			files = ();
			inputFileListPaths = ();
			inputPaths = ();
			name = "Build HuxerUI Core";
			outputFileListPaths = ();
			outputPaths = ();
			runOnlyForDeploymentPostprocessing = 0;
			shellPath = /bin/sh;
			shellScript = "/bin/sh \"$PROJECT_DIR/Scripts/build_huxerui_core.sh\"\n";
		};
		000000000000000000000305 /* Stage HuxerUI Resources */ = {
			isa = PBXShellScriptBuildPhase;
			alwaysOutOfDate = 1;
			buildActionMask = 2147483647;
			files = ();
			inputFileListPaths = ();
			inputPaths = ();
			name = "Stage HuxerUI Resources";
			outputFileListPaths = ();
			outputPaths = ();
			runOnlyForDeploymentPostprocessing = 0;
			shellPath = /bin/sh;
			shellScript = "/bin/sh \"$PROJECT_DIR/Scripts/stage_huxerui_resources.sh\"\n";
		};
/* End PBXShellScriptBuildPhase section */

/* Begin PBXSourcesBuildPhase section */
		000000000000000000000301 /* Sources */ = {
			isa = PBXSourcesBuildPhase;
			buildActionMask = 2147483647;
			files = (
				000000000000000000000101 /* main.mm in Sources */,
			);
			runOnlyForDeploymentPostprocessing = 0;
		};
/* End PBXSourcesBuildPhase section */

/* Begin XCBuildConfiguration section */
		000000000000000000000801 /* Project Debug */ = {
			isa = XCBuildConfiguration;
			buildSettings = {
				CLANG_ENABLE_MODULES = YES;
			};
			name = Debug;
		};
		000000000000000000000802 /* Project Release */ = {
			isa = XCBuildConfiguration;
			buildSettings = {
				CLANG_ENABLE_MODULES = YES;
			};
			name = Release;
		};
		000000000000000000000803 /* Target Debug */ = {
			isa = XCBuildConfiguration;
			baseConfigurationReference = 000000000000000000000206 /* Debug.xcconfig */;
			buildSettings = {
				INFOPLIST_FILE = App/Info.plist;
				PRODUCT_NAME = "$(inherited)";
				SDKROOT = iphoneos;
			};
			name = Debug;
		};
		000000000000000000000804 /* Target Release */ = {
			isa = XCBuildConfiguration;
			baseConfigurationReference = 000000000000000000000207 /* Release.xcconfig */;
			buildSettings = {
				INFOPLIST_FILE = App/Info.plist;
				PRODUCT_NAME = "$(inherited)";
				SDKROOT = iphoneos;
			};
			name = Release;
		};
/* End XCBuildConfiguration section */

/* Begin XCConfigurationList section */
		000000000000000000000701 /* Project configuration list */ = {
			isa = XCConfigurationList;
			buildConfigurations = (
				000000000000000000000801 /* Project Debug */,
				000000000000000000000802 /* Project Release */,
			);
			defaultConfigurationIsVisible = 0;
			defaultConfigurationName = Release;
		};
		000000000000000000000702 /* Target configuration list */ = {
			isa = XCConfigurationList;
			buildConfigurations = (
				000000000000000000000803 /* Target Debug */,
				000000000000000000000804 /* Target Release */,
			);
			defaultConfigurationIsVisible = 0;
			defaultConfigurationName = Release;
		};
/* End XCConfigurationList section */

/* Begin XCLocalSwiftPackageReference section */
		000000000000000000000900 /* XCLocalSwiftPackageReference "HuxerUILibraries" */ = {
			isa = XCLocalSwiftPackageReference;
			relativePath = ../../.huxerui/generated/ios/libraries;
		};
/* End XCLocalSwiftPackageReference section */

/* Begin XCSwiftPackageProductDependency section */
		000000000000000000000901 /* HuxerUILibraries */ = {
			isa = XCSwiftPackageProductDependency;
			package = 000000000000000000000900 /* XCLocalSwiftPackageReference "HuxerUILibraries" */;
			productName = HuxerUILibraries;
		};
/* End XCSwiftPackageProductDependency section */
	};
	rootObject = 000000000000000000000600 /* Project object */;
}
